
Microsoft Visual Studio Solution File, Format Version 12.00
# Visual Studio Version 17
VisualStudioVersion = 17.7.34024.191
MinimumVisualStudioVersion = 10.0.40219.1
Project("{FAE04EC0-301F-11D3-BF4B-00C04F79EFBC}") = "Pz_04", "Pz_04\Pz_04.csproj", "{087039EA-DA79-4C09-9A7B-C57A66387CF4}"
EndProject
Global
	GlobalSection(SolutionConfigurationPlatforms) = preSolution
		Debug|Any CPU = Debug|Any CPU
		Release|Any CPU = Release|Any CPU
	EndGlobalSection
	GlobalSection(ProjectConfigurationPlatforms) = postSolution
		{087039EA-DA79-4C09-9A7B-C57A66387CF4}.Debug|Any CPU.ActiveCfg = Debug|Any CPU
		{087039EA-DA79-4C09-9A7B-C57A66387CF4}.Debug|Any CPU.Build.0 = Debug|Any CPU
		{087039EA-DA79-4C09-9A7B-C57A66387CF4}.Release|Any CPU.ActiveCfg = Release|Any CPU
		{087039EA-DA79-4C09-9A7B-C57A66387CF4}.Release|Any CPU.Build.0 = Release|Any CPU
	EndGlobalSection
	GlobalSection(SolutionProperties) = preSolution
		HideSolutionNode = FALSE
	EndGlobalSection
	GlobalSection(ExtensibilityGlobals) = postSolution
		SolutionGuid = {2B1BDB37-A896-42D9-B1B2-04184BB40B56}
	EndGlobalSection
EndGlobal
